# THIS IS AN AUTOGENERATED FILE. DO NOT EDIT THIS FILE DIRECTLY.
# yarn lockfile v1


"@toi/toi@^1.0.5":
  version "1.0.5"
  resolved "https://registry.yarnpkg.com/@toi/toi/-/toi-1.0.5.tgz#02767cec11125892de2c1f27de2b90a75c51da91"
  integrity sha512-NjFj0QQ0b16X3i0dgKCuOo0j9of5yH1WgKovvKb1TBC5EdeAqst7wJ4EClPhwcsJTLCjFEykEyOy3RbXh4XPrQ==

"@types/node@^10.12.7":
  version "10.12.8"
  resolved "https://registry.yarnpkg.com/@types/node/-/node-10.12.8.tgz#d0a3ab5a6e61458c492304e2776ac136b81db927"
  integrity sha512-INamyRZG4rW3lDCUmwVd5Xho/bXvQm/v1yP8V0UN1RuInU7RoWoaO570b+yLX4Ia/0szsx1wa8VzcsVlsvbWLA==

typescript@^3.1.6:
  version "3.1.6"
  resolved "https://registry.yarnpkg.com/typescript/-/typescript-3.1.6.tgz#b6543a83cfc8c2befb3f4c8fba6896f5b0c9be68"
  integrity sha512-tDMYfVtvpb96msS1lDX9MEdHrW4yOuZ4Kdc4Him9oU796XldPYF/t2+uKoX0BBa0hXXwDlqYQbXY5Rzjzc5hBA==
